{
  "name": "udict",
  "version": "1.0.0",
  "lockfileVersion": 3,
  "requires": true,
  "packages": {
    "": {
      "name": "udict",
      "version": "1.0.0",
      "license": "ISC",
      "dependencies": {
        "js-mdict": "^7.0.0"
      }
    },
    "node_modules/commander": {
      "version": "13.1.0",
      "resolved": "https://registry.npmjs.org/commander/-/commander-13.1.0.tgz",
      "integrity": "sha512-/rFeCpNJQbhSZjGVwO9RFV3xPqbnERS8MmIQzCtD/zl6gpJuV/bMLuN92oG3F7d8oDEHHRrujSXNUr8fpjntKw==",
      "license": "MIT",
      "engines": {
        "node": ">=18"
      }
    },
    "node_modules/js-mdict": {
      "version": "7.0.0",
      "resolved": "https://registry.npmjs.org/js-mdict/-/js-mdict-7.0.0.tgz",
      "integrity": "sha512-wbqUBsrZ/AqeBz5NWKEpIuucD/sUXrymUXQ6FKt/SXrmX1u342+4sdZ6ieq4Q0GGnMAiSPKCNc49coQhPqF4jg==",
      "license": "AGPL-3.0",
      "dependencies": {
        "commander": "^13.0.0",
        "levenshtein-edit-distance": "^3.0.1"
      },
      "bin": {
        "js-mdict": "dist/cjs/cli.js"
      },
      "engines": {
        "node": ">=10.20.0"
      }
    },
    "node_modules/levenshtein-edit-distance": {
      "version": "3.0.1",
      "resolved": "https://registry.npmjs.org/levenshtein-edit-distance/-/levenshtein-edit-distance-3.0.1.tgz",
      "integrity": "sha512-/qMCkZbrAF7jZP/voqlkfNrBtEn0TMdhCK7OEBh/zb39t/c3wCnTjwU1ZvrMfQ3OxB8sBQXIpWRMM6FiQJVG3g==",
      "license": "MIT",
      "bin": {
        "levenshtein-edit-distance": "cli.js"
      },
      "funding": {
        "type": "github",
        "url": "https://github.com/sponsors/wooorm"
      }
    }
  }
}
